
Microsoft Visual Studio Solution File, Format Version 12.00
# Visual Studio 2013
VisualStudioVersion = 12.0.21005.1
MinimumVisualStudioVersion = 10.0.40219.1
Project("{8BC9CEB8-8B4A-11D0-8D11-00A0C91BC942}") = "OnlineJTest", "OnlineJTest\OnlineJTest.vcxproj", "{12192E7D-723D-4413-B6DC-52B377BA3140}"
EndProject
Project("{8BC9CEB8-8B4A-11D0-8D11-00A0C91BC942}") = "a013", "a013\a013.vcxproj", "{5DEB9A7D-951C-403B-85E0-75A814F2B9A2}"
EndProject
Project("{8BC9CEB8-8B4A-11D0-8D11-00A0C91BC942}") = "b793", "b793\b793.vcxproj", "{AE3C52C7-E676-42B4-894F-3FB471788C9E}"
EndProject
Project("{8BC9CEB8-8B4A-11D0-8D11-00A0C91BC942}") = "a015", "a015\a015.vcxproj", "{D9F78737-B985-4E08-8120-00E730A433B3}"
EndProject
Project("{8BC9CEB8-8B4A-11D0-8D11-00A0C91BC942}") = "a016", "a016\a016.vcxproj", "{B2601E09-6BEB-4A53-9327-B4C9DBEB9B4C}"
EndProject
Project("{8BC9CEB8-8B4A-11D0-8D11-00A0C91BC942}") = "a017", "a017\a017.vcxproj", "{82130A22-232F-4CE6-BF26-4B70566C2DDD}"
EndProject
Project("{8BC9CEB8-8B4A-11D0-8D11-00A0C91BC942}") = "a020", "a020\a020.vcxproj", "{D97D80FA-482B-4643-A2F4-6F550DA5C688}"
EndProject
Project("{8BC9CEB8-8B4A-11D0-8D11-00A0C91BC942}") = "a021", "a021\a021.vcxproj", "{4A9A4583-AE18-45B2-BD3C-FC2692CB9FE8}"
EndProject
Project("{8BC9CEB8-8B4A-11D0-8D11-00A0C91BC942}") = "b798", "b798\b798.vcxproj", "{A1DA345E-98A9-43AC-9644-2A4980301922}"
EndProject
Project("{8BC9CEB8-8B4A-11D0-8D11-00A0C91BC942}") = "b797", "b797\b797.vcxproj", "{00222D50-589A-46D4-ADD2-593EDE55725A}"
EndProject
Project("{8BC9CEB8-8B4A-11D0-8D11-00A0C91BC942}") = "TestFileCreator", "TestFileCreator\TestFileCreator.vcxproj", "{0CF81C69-9B3F-430D-98EB-DDA7E402E812}"
EndProject
Project("{8BC9CEB8-8B4A-11D0-8D11-00A0C91BC942}") = "a022", "a022\a022.vcxproj", "{14ABBE62-9787-455C-BCF4-9E9105EC1BE9}"
EndProject
Project("{8BC9CEB8-8B4A-11D0-8D11-00A0C91BC942}") = "a024", "a024\a024.vcxproj", "{E50CC982-48F9-4A97-895A-9B99FFC892CC}"
EndProject
Project("{8BC9CEB8-8B4A-11D0-8D11-00A0C91BC942}") = "a034", "a034\a034.vcxproj", "{AB69AEA4-5A66-4938-A733-65464252BB64}"
EndProject
Project("{8BC9CEB8-8B4A-11D0-8D11-00A0C91BC942}") = "a038", "a038\a038.vcxproj", "{F74B84EB-01A4-4B94-B3AE-5C854D82C4D2}"
EndProject
Project("{8BC9CEB8-8B4A-11D0-8D11-00A0C91BC942}") = "a040", "a040\a040.vcxproj", "{9EA57809-9D29-4AA2-A496-6194623DD0D0}"
EndProject
Project("{8BC9CEB8-8B4A-11D0-8D11-00A0C91BC942}") = "a042", "a042\a042.vcxproj", "{A594CBA3-B29C-4D36-BCF0-054D8FEAE593}"
EndProject
Project("{8BC9CEB8-8B4A-11D0-8D11-00A0C91BC942}") = "a044", "a044\a044.vcxproj", "{6326DF7C-190D-4A43-8CE4-0A3D51ECBFA7}"
EndProject
Project("{8BC9CEB8-8B4A-11D0-8D11-00A0C91BC942}") = "a053", "a053\a053.vcxproj", "{0CC78528-45E5-433F-96AF-67216D3E417B}"
EndProject
Project("{8BC9CEB8-8B4A-11D0-8D11-00A0C91BC942}") = "a054", "a054\a054.vcxproj", "{183292F9-36DC-4BBA-8BFD-D3B48CA490DA}"
EndProject
Project("{8BC9CEB8-8B4A-11D0-8D11-00A0C91BC942}") = "a058", "a058\a058.vcxproj", "{A5305371-CA83-4E0D-8BA9-56464E8F1AE7}"
EndProject
Project("{8BC9CEB8-8B4A-11D0-8D11-00A0C91BC942}") = "a059", "a059\a059.vcxproj", "{CBEE4C10-7B59-43C9-A4A9-EDAC510408AC}"
EndProject
Project("{8BC9CEB8-8B4A-11D0-8D11-00A0C91BC942}") = "a065", "a065\a065.vcxproj", "{73ECF343-C15D-4FE9-B1FF-BE385617064F}"
EndProject
Project("{8BC9CEB8-8B4A-11D0-8D11-00A0C91BC942}") = "a095", "a095\a095.vcxproj", "{6504DA0C-13D1-441F-90D8-D18D018189A4}"
EndProject
Project("{8BC9CEB8-8B4A-11D0-8D11-00A0C91BC942}") = "b512", "b512\b512.vcxproj", "{1A68D1FF-6F1F-45BA-B79A-FDE2826960E6}"
EndProject
Project("{8BC9CEB8-8B4A-11D0-8D11-00A0C91BC942}") = "a104", "a104\a104.vcxproj", "{56F7CDCD-03BD-4C82-8BCD-EB7664CE5A03}"
EndProject
Project("{8BC9CEB8-8B4A-11D0-8D11-00A0C91BC942}") = "a011", "a011\a011.vcxproj", "{25657446-3375-40D6-9D59-42CE5CBF723C}"
EndProject
Project("{8BC9CEB8-8B4A-11D0-8D11-00A0C91BC942}") = "OJControl", "OJControl\OJControl.vcxproj", "{91833E5E-B692-471D-AD52-555D19D7BB41}"
EndProject
Project("{8BC9CEB8-8B4A-11D0-8D11-00A0C91BC942}") = "a121", "a121\a121.vcxproj", "{AF250DCF-FF1E-4B72-B993-7ECD380FFE4F}"
EndProject
Project("{8BC9CEB8-8B4A-11D0-8D11-00A0C91BC942}") = "a147", "a147\a147.vcxproj", "{13357469-F2A7-4756-9D16-6DB911E8512D}"
EndProject
Project("{8BC9CEB8-8B4A-11D0-8D11-00A0C91BC942}") = "a148", "a148\a148.vcxproj", "{D415EFA2-19D0-4715-A251-D182A614BE82}"
EndProject
Project("{8BC9CEB8-8B4A-11D0-8D11-00A0C91BC942}") = "a149", "a149\a149.vcxproj", "{3B7CEF95-42FB-4713-90DD-28B6FD7B8401}"
EndProject
Project("{8BC9CEB8-8B4A-11D0-8D11-00A0C91BC942}") = "a215", "a215\a215.vcxproj", "{8C2A42C6-9D5C-4DA4-B27B-EEDB827F58C6}"
EndProject
Project("{8BC9CEB8-8B4A-11D0-8D11-00A0C91BC942}") = "b540", "b540\b540.vcxproj", "{2C2A43A9-FD31-49E2-A92D-280998A68FD5}"
EndProject
Project("{8BC9CEB8-8B4A-11D0-8D11-00A0C91BC942}") = "a453", "a453\a453.vcxproj", "{38BEB903-275D-4F2E-B992-ED2DF85E44D6}"
EndProject
Project("{8BC9CEB8-8B4A-11D0-8D11-00A0C91BC942}") = "d230", "d230\d230.vcxproj", "{546DCBE2-1FAD-45FF-A86F-38A9FA291BAD}"
EndProject
Project("{8BC9CEB8-8B4A-11D0-8D11-00A0C91BC942}") = "d801", "d801\d801.vcxproj", "{609AF419-6D1D-43E2-BDCE-74D8F470A1A2}"
EndProject
Project("{8BC9CEB8-8B4A-11D0-8D11-00A0C91BC942}") = "b115", "b115\b115.vcxproj", "{C96C0141-F2B8-483A-8BD0-F746548F7317}"
EndProject
Project("{8BC9CEB8-8B4A-11D0-8D11-00A0C91BC942}") = "d153", "d153\d153.vcxproj", "{D5C7C7CD-3EEB-4C62-A17B-466FA471A09C}"
EndProject
Project("{8BC9CEB8-8B4A-11D0-8D11-00A0C91BC942}") = "Assembly", "Assembly\Assembly.vcxproj", "{CDFAA5E0-D7E1-4CD6-80E1-395641D77DF0}"
EndProject
Project("{8BC9CEB8-8B4A-11D0-8D11-00A0C91BC942}") = "a216", "a216\a216.vcxproj", "{1EF6C2B8-9D26-41FC-B761-98B6717D6861}"
EndProject
Project("{8BC9CEB8-8B4A-11D0-8D11-00A0C91BC942}") = "a224", "a224\a224.vcxproj", "{40A5C541-53E9-41E0-A0D7-341F42BACF3F}"
EndProject
Project("{8BC9CEB8-8B4A-11D0-8D11-00A0C91BC942}") = "a225", "a225\a225.vcxproj", "{0DEFF61D-089D-47D8-80D2-76B927D3075D}"
EndProject
Project("{8BC9CEB8-8B4A-11D0-8D11-00A0C91BC942}") = "a229", "a229\a229.vcxproj", "{41EA96DA-77DA-43CD-8776-30EA0BC69C02}"
EndProject
Project("{8BC9CEB8-8B4A-11D0-8D11-00A0C91BC942}") = "a291", "a291\a291.vcxproj", "{7EA5712E-B4F8-4022-BB61-80FFC05480A3}"
EndProject
Project("{8BC9CEB8-8B4A-11D0-8D11-00A0C91BC942}") = "a244", "a244\a244.vcxproj", "{A4561B7D-0FBC-4511-9A86-1139E301ABC4}"
EndProject
Project("{8BC9CEB8-8B4A-11D0-8D11-00A0C91BC942}") = "a248", "a248\a248.vcxproj", "{9D9FB770-DC82-4527-B264-5B72DBC1D1B2}"
EndProject
Project("{8BC9CEB8-8B4A-11D0-8D11-00A0C91BC942}") = "a263", "a263\a263.vcxproj", "{8A1F5420-1B3C-4C1F-B8F0-7046178F98A0}"
EndProject
Project("{8BC9CEB8-8B4A-11D0-8D11-00A0C91BC942}") = "a271", "a271\a271.vcxproj", "{5B05D9A2-C37F-476E-B77F-DC51C00BE21F}"
EndProject
Project("{8BC9CEB8-8B4A-11D0-8D11-00A0C91BC942}") = "a410", "a410\a410.vcxproj", "{2DA30B0E-62F2-41F7-AB0D-94A88DC08A40}"
EndProject
Project("{8BC9CEB8-8B4A-11D0-8D11-00A0C91BC942}") = "a240", "a240\a240.vcxproj", "{58B5CE4B-8248-4A81-8A62-00A59CFFF4AF}"
EndProject
Project("{8BC9CEB8-8B4A-11D0-8D11-00A0C91BC942}") = "a241", "a241\a241.vcxproj", "{BD9C23CD-E0D5-421F-97F6-B29EFC12A027}"
EndProject
Project("{8BC9CEB8-8B4A-11D0-8D11-00A0C91BC942}") = "a414", "a414\a414.vcxproj", "{A2E30DCA-1AA1-4EA3-8A13-E3845E1A1DA5}"
EndProject
Project("{8BC9CEB8-8B4A-11D0-8D11-00A0C91BC942}") = "a628", "a628\a628.vcxproj", "{2BDBD56B-31F4-4E2D-A2C8-D29D040111DF}"
EndProject
Project("{8BC9CEB8-8B4A-11D0-8D11-00A0C91BC942}") = "d235", "d235\d235.vcxproj", "{77366DB1-BEEF-4125-B92B-85DF5CF1B931}"
EndProject
Project("{8BC9CEB8-8B4A-11D0-8D11-00A0C91BC942}") = "b304", "b304\b304.vcxproj", "{8E067AFB-B5C6-4695-B121-538237FC2766}"
EndProject
Global
	GlobalSection(SolutionConfigurationPlatforms) = preSolution
		Debug|Win32 = Debug|Win32
		Release|Win32 = Release|Win32
	EndGlobalSection
	GlobalSection(ProjectConfigurationPlatforms) = postSolution
		{12192E7D-723D-4413-B6DC-52B377BA3140}.Debug|Win32.ActiveCfg = Debug|Win32
		{12192E7D-723D-4413-B6DC-52B377BA3140}.Debug|Win32.Build.0 = Debug|Win32
		{12192E7D-723D-4413-B6DC-52B377BA3140}.Release|Win32.ActiveCfg = Release|Win32
		{12192E7D-723D-4413-B6DC-52B377BA3140}.Release|Win32.Build.0 = Release|Win32
		{5DEB9A7D-951C-403B-85E0-75A814F2B9A2}.Debug|Win32.ActiveCfg = Debug|Win32
		{5DEB9A7D-951C-403B-85E0-75A814F2B9A2}.Debug|Win32.Build.0 = Debug|Win32
		{5DEB9A7D-951C-403B-85E0-75A814F2B9A2}.Release|Win32.ActiveCfg = Release|Win32
		{5DEB9A7D-951C-403B-85E0-75A814F2B9A2}.Release|Win32.Build.0 = Release|Win32
		{AE3C52C7-E676-42B4-894F-3FB471788C9E}.Debug|Win32.ActiveCfg = Debug|Win32
		{AE3C52C7-E676-42B4-894F-3FB471788C9E}.Debug|Win32.Build.0 = Debug|Win32
		{AE3C52C7-E676-42B4-894F-3FB471788C9E}.Release|Win32.ActiveCfg = Release|Win32
		{AE3C52C7-E676-42B4-894F-3FB471788C9E}.Release|Win32.Build.0 = Release|Win32
		{D9F78737-B985-4E08-8120-00E730A433B3}.Debug|Win32.ActiveCfg = Debug|Win32
		{D9F78737-B985-4E08-8120-00E730A433B3}.Debug|Win32.Build.0 = Debug|Win32
		{D9F78737-B985-4E08-8120-00E730A433B3}.Release|Win32.ActiveCfg = Release|Win32
		{D9F78737-B985-4E08-8120-00E730A433B3}.Release|Win32.Build.0 = Release|Win32
		{B2601E09-6BEB-4A53-9327-B4C9DBEB9B4C}.Debug|Win32.ActiveCfg = Debug|Win32
		{B2601E09-6BEB-4A53-9327-B4C9DBEB9B4C}.Debug|Win32.Build.0 = Debug|Win32
		{B2601E09-6BEB-4A53-9327-B4C9DBEB9B4C}.Release|Win32.ActiveCfg = Release|Win32
		{B2601E09-6BEB-4A53-9327-B4C9DBEB9B4C}.Release|Win32.Build.0 = Release|Win32
		{82130A22-232F-4CE6-BF26-4B70566C2DDD}.Debug|Win32.ActiveCfg = Debug|Win32
		{82130A22-232F-4CE6-BF26-4B70566C2DDD}.Debug|Win32.Build.0 = Debug|Win32
		{82130A22-232F-4CE6-BF26-4B70566C2DDD}.Release|Win32.ActiveCfg = Release|Win32
		{82130A22-232F-4CE6-BF26-4B70566C2DDD}.Release|Win32.Build.0 = Release|Win32
		{D97D80FA-482B-4643-A2F4-6F550DA5C688}.Debug|Win32.ActiveCfg = Debug|Win32
		{D97D80FA-482B-4643-A2F4-6F550DA5C688}.Debug|Win32.Build.0 = Debug|Win32
		{D97D80FA-482B-4643-A2F4-6F550DA5C688}.Release|Win32.ActiveCfg = Release|Win32
		{D97D80FA-482B-4643-A2F4-6F550DA5C688}.Release|Win32.Build.0 = Release|Win32
		{4A9A4583-AE18-45B2-BD3C-FC2692CB9FE8}.Debug|Win32.ActiveCfg = Debug|Win32
		{4A9A4583-AE18-45B2-BD3C-FC2692CB9FE8}.Debug|Win32.Build.0 = Debug|Win32
		{4A9A4583-AE18-45B2-BD3C-FC2692CB9FE8}.Release|Win32.ActiveCfg = Release|Win32
		{4A9A4583-AE18-45B2-BD3C-FC2692CB9FE8}.Release|Win32.Build.0 = Release|Win32
		{A1DA345E-98A9-43AC-9644-2A4980301922}.Debug|Win32.ActiveCfg = Debug|Win32
		{A1DA345E-98A9-43AC-9644-2A4980301922}.Debug|Win32.Build.0 = Debug|Win32
		{A1DA345E-98A9-43AC-9644-2A4980301922}.Release|Win32.ActiveCfg = Release|Win32
		{A1DA345E-98A9-43AC-9644-2A4980301922}.Release|Win32.Build.0 = Release|Win32
		{00222D50-589A-46D4-ADD2-593EDE55725A}.Debug|Win32.ActiveCfg = Debug|Win32
		{00222D50-589A-46D4-ADD2-593EDE55725A}.Debug|Win32.Build.0 = Debug|Win32
		{00222D50-589A-46D4-ADD2-593EDE55725A}.Release|Win32.ActiveCfg = Release|Win32
		{00222D50-589A-46D4-ADD2-593EDE55725A}.Release|Win32.Build.0 = Release|Win32
		{0CF81C69-9B3F-430D-98EB-DDA7E402E812}.Debug|Win32.ActiveCfg = Debug|Win32
		{0CF81C69-9B3F-430D-98EB-DDA7E402E812}.Debug|Win32.Build.0 = Debug|Win32
		{0CF81C69-9B3F-430D-98EB-DDA7E402E812}.Release|Win32.ActiveCfg = Release|Win32
		{0CF81C69-9B3F-430D-98EB-DDA7E402E812}.Release|Win32.Build.0 = Release|Win32
		{14ABBE62-9787-455C-BCF4-9E9105EC1BE9}.Debug|Win32.ActiveCfg = Debug|Win32
		{14ABBE62-9787-455C-BCF4-9E9105EC1BE9}.Debug|Win32.Build.0 = Debug|Win32
		{14ABBE62-9787-455C-BCF4-9E9105EC1BE9}.Release|Win32.ActiveCfg = Release|Win32
		{14ABBE62-9787-455C-BCF4-9E9105EC1BE9}.Release|Win32.Build.0 = Release|Win32
		{E50CC982-48F9-4A97-895A-9B99FFC892CC}.Debug|Win32.ActiveCfg = Debug|Win32
		{E50CC982-48F9-4A97-895A-9B99FFC892CC}.Debug|Win32.Build.0 = Debug|Win32
		{E50CC982-48F9-4A97-895A-9B99FFC892CC}.Release|Win32.ActiveCfg = Release|Win32
		{E50CC982-48F9-4A97-895A-9B99FFC892CC}.Release|Win32.Build.0 = Release|Win32
		{AB69AEA4-5A66-4938-A733-65464252BB64}.Debug|Win32.ActiveCfg = Debug|Win32
		{AB69AEA4-5A66-4938-A733-65464252BB64}.Debug|Win32.Build.0 = Debug|Win32
		{AB69AEA4-5A66-4938-A733-65464252BB64}.Release|Win32.ActiveCfg = Release|Win32
		{AB69AEA4-5A66-4938-A733-65464252BB64}.Release|Win32.Build.0 = Release|Win32
		{F74B84EB-01A4-4B94-B3AE-5C854D82C4D2}.Debug|Win32.ActiveCfg = Debug|Win32
		{F74B84EB-01A4-4B94-B3AE-5C854D82C4D2}.Debug|Win32.Build.0 = Debug|Win32
		{F74B84EB-01A4-4B94-B3AE-5C854D82C4D2}.Release|Win32.ActiveCfg = Release|Win32
		{F74B84EB-01A4-4B94-B3AE-5C854D82C4D2}.Release|Win32.Build.0 = Release|Win32
		{9EA57809-9D29-4AA2-A496-6194623DD0D0}.Debug|Win32.ActiveCfg = Debug|Win32
		{9EA57809-9D29-4AA2-A496-6194623DD0D0}.Debug|Win32.Build.0 = Debug|Win32
		{9EA57809-9D29-4AA2-A496-6194623DD0D0}.Release|Win32.ActiveCfg = Release|Win32
		{9EA57809-9D29-4AA2-A496-6194623DD0D0}.Release|Win32.Build.0 = Release|Win32
		{A594CBA3-B29C-4D36-BCF0-054D8FEAE593}.Debug|Win32.ActiveCfg = Debug|Win32
		{A594CBA3-B29C-4D36-BCF0-054D8FEAE593}.Debug|Win32.Build.0 = Debug|Win32
		{A594CBA3-B29C-4D36-BCF0-054D8FEAE593}.Release|Win32.ActiveCfg = Release|Win32
		{A594CBA3-B29C-4D36-BCF0-054D8FEAE593}.Release|Win32.Build.0 = Release|Win32
		{6326DF7C-190D-4A43-8CE4-0A3D51ECBFA7}.Debug|Win32.ActiveCfg = Debug|Win32
		{6326DF7C-190D-4A43-8CE4-0A3D51ECBFA7}.Debug|Win32.Build.0 = Debug|Win32
		{6326DF7C-190D-4A43-8CE4-0A3D51ECBFA7}.Release|Win32.ActiveCfg = Release|Win32
		{6326DF7C-190D-4A43-8CE4-0A3D51ECBFA7}.Release|Win32.Build.0 = Release|Win32
		{0CC78528-45E5-433F-96AF-67216D3E417B}.Debug|Win32.ActiveCfg = Debug|Win32
		{0CC78528-45E5-433F-96AF-67216D3E417B}.Debug|Win32.Build.0 = Debug|Win32
		{0CC78528-45E5-433F-96AF-67216D3E417B}.Release|Win32.ActiveCfg = Release|Win32
		{0CC78528-45E5-433F-96AF-67216D3E417B}.Release|Win32.Build.0 = Release|Win32
		{183292F9-36DC-4BBA-8BFD-D3B48CA490DA}.Debug|Win32.ActiveCfg = Debug|Win32
		{183292F9-36DC-4BBA-8BFD-D3B48CA490DA}.Debug|Win32.Build.0 = Debug|Win32
		{183292F9-36DC-4BBA-8BFD-D3B48CA490DA}.Release|Win32.ActiveCfg = Release|Win32
		{183292F9-36DC-4BBA-8BFD-D3B48CA490DA}.Release|Win32.Build.0 = Release|Win32
		{A5305371-CA83-4E0D-8BA9-56464E8F1AE7}.Debug|Win32.ActiveCfg = Debug|Win32
		{A5305371-CA83-4E0D-8BA9-56464E8F1AE7}.Debug|Win32.Build.0 = Debug|Win32
		{A5305371-CA83-4E0D-8BA9-56464E8F1AE7}.Release|Win32.ActiveCfg = Release|Win32
		{A5305371-CA83-4E0D-8BA9-56464E8F1AE7}.Release|Win32.Build.0 = Release|Win32
		{CBEE4C10-7B59-43C9-A4A9-EDAC510408AC}.Debug|Win32.ActiveCfg = Debug|Win32
		{CBEE4C10-7B59-43C9-A4A9-EDAC510408AC}.Debug|Win32.Build.0 = Debug|Win32
		{CBEE4C10-7B59-43C9-A4A9-EDAC510408AC}.Release|Win32.ActiveCfg = Release|Win32
		{CBEE4C10-7B59-43C9-A4A9-EDAC510408AC}.Release|Win32.Build.0 = Release|Win32
		{73ECF343-C15D-4FE9-B1FF-BE385617064F}.Debug|Win32.ActiveCfg = Debug|Win32
		{73ECF343-C15D-4FE9-B1FF-BE385617064F}.Debug|Win32.Build.0 = Debug|Win32
		{73ECF343-C15D-4FE9-B1FF-BE385617064F}.Release|Win32.ActiveCfg = Release|Win32
		{73ECF343-C15D-4FE9-B1FF-BE385617064F}.Release|Win32.Build.0 = Release|Win32
		{6504DA0C-13D1-441F-90D8-D18D018189A4}.Debug|Win32.ActiveCfg = Debug|Win32
		{6504DA0C-13D1-441F-90D8-D18D018189A4}.Debug|Win32.Build.0 = Debug|Win32
		{6504DA0C-13D1-441F-90D8-D18D018189A4}.Release|Win32.ActiveCfg = Release|Win32
		{6504DA0C-13D1-441F-90D8-D18D018189A4}.Release|Win32.Build.0 = Release|Win32
		{1A68D1FF-6F1F-45BA-B79A-FDE2826960E6}.Debug|Win32.ActiveCfg = Debug|Win32
		{1A68D1FF-6F1F-45BA-B79A-FDE2826960E6}.Debug|Win32.Build.0 = Debug|Win32
		{1A68D1FF-6F1F-45BA-B79A-FDE2826960E6}.Release|Win32.ActiveCfg = Release|Win32
		{1A68D1FF-6F1F-45BA-B79A-FDE2826960E6}.Release|Win32.Build.0 = Release|Win32
		{56F7CDCD-03BD-4C82-8BCD-EB7664CE5A03}.Debug|Win32.ActiveCfg = Debug|Win32
		{56F7CDCD-03BD-4C82-8BCD-EB7664CE5A03}.Debug|Win32.Build.0 = Debug|Win32
		{56F7CDCD-03BD-4C82-8BCD-EB7664CE5A03}.Release|Win32.ActiveCfg = Release|Win32
		{56F7CDCD-03BD-4C82-8BCD-EB7664CE5A03}.Release|Win32.Build.0 = Release|Win32
		{25657446-3375-40D6-9D59-42CE5CBF723C}.Debug|Win32.ActiveCfg = Debug|Win32
		{25657446-3375-40D6-9D59-42CE5CBF723C}.Debug|Win32.Build.0 = Debug|Win32
		{25657446-3375-40D6-9D59-42CE5CBF723C}.Release|Win32.ActiveCfg = Release|Win32
		{25657446-3375-40D6-9D59-42CE5CBF723C}.Release|Win32.Build.0 = Release|Win32
		{91833E5E-B692-471D-AD52-555D19D7BB41}.Debug|Win32.ActiveCfg = Debug|Win32
		{91833E5E-B692-471D-AD52-555D19D7BB41}.Debug|Win32.Build.0 = Debug|Win32
		{91833E5E-B692-471D-AD52-555D19D7BB41}.Release|Win32.ActiveCfg = Release|Win32
		{91833E5E-B692-471D-AD52-555D19D7BB41}.Release|Win32.Build.0 = Release|Win32
		{AF250DCF-FF1E-4B72-B993-7ECD380FFE4F}.Debug|Win32.ActiveCfg = Debug|Win32
		{AF250DCF-FF1E-4B72-B993-7ECD380FFE4F}.Debug|Win32.Build.0 = Debug|Win32
		{AF250DCF-FF1E-4B72-B993-7ECD380FFE4F}.Release|Win32.ActiveCfg = Release|Win32
		{AF250DCF-FF1E-4B72-B993-7ECD380FFE4F}.Release|Win32.Build.0 = Release|Win32
		{13357469-F2A7-4756-9D16-6DB911E8512D}.Debug|Win32.ActiveCfg = Debug|Win32
		{13357469-F2A7-4756-9D16-6DB911E8512D}.Debug|Win32.Build.0 = Debug|Win32
		{13357469-F2A7-4756-9D16-6DB911E8512D}.Release|Win32.ActiveCfg = Release|Win32
		{13357469-F2A7-4756-9D16-6DB911E8512D}.Release|Win32.Build.0 = Release|Win32
		{D415EFA2-19D0-4715-A251-D182A614BE82}.Debug|Win32.ActiveCfg = Debug|Win32
		{D415EFA2-19D0-4715-A251-D182A614BE82}.Debug|Win32.Build.0 = Debug|Win32
		{D415EFA2-19D0-4715-A251-D182A614BE82}.Release|Win32.ActiveCfg = Release|Win32
		{D415EFA2-19D0-4715-A251-D182A614BE82}.Release|Win32.Build.0 = Release|Win32
		{3B7CEF95-42FB-4713-90DD-28B6FD7B8401}.Debug|Win32.ActiveCfg = Debug|Win32
		{3B7CEF95-42FB-4713-90DD-28B6FD7B8401}.Debug|Win32.Build.0 = Debug|Win32
		{3B7CEF95-42FB-4713-90DD-28B6FD7B8401}.Release|Win32.ActiveCfg = Release|Win32
		{3B7CEF95-42FB-4713-90DD-28B6FD7B8401}.Release|Win32.Build.0 = Release|Win32
		{8C2A42C6-9D5C-4DA4-B27B-EEDB827F58C6}.Debug|Win32.ActiveCfg = Debug|Win32
		{8C2A42C6-9D5C-4DA4-B27B-EEDB827F58C6}.Debug|Win32.Build.0 = Debug|Win32
		{8C2A42C6-9D5C-4DA4-B27B-EEDB827F58C6}.Release|Win32.ActiveCfg = Release|Win32
		{8C2A42C6-9D5C-4DA4-B27B-EEDB827F58C6}.Release|Win32.Build.0 = Release|Win32
		{2C2A43A9-FD31-49E2-A92D-280998A68FD5}.Debug|Win32.ActiveCfg = Debug|Win32
		{2C2A43A9-FD31-49E2-A92D-280998A68FD5}.Debug|Win32.Build.0 = Debug|Win32
		{2C2A43A9-FD31-49E2-A92D-280998A68FD5}.Release|Win32.ActiveCfg = Release|Win32
		{2C2A43A9-FD31-49E2-A92D-280998A68FD5}.Release|Win32.Build.0 = Release|Win32
		{38BEB903-275D-4F2E-B992-ED2DF85E44D6}.Debug|Win32.ActiveCfg = Debug|Win32
		{38BEB903-275D-4F2E-B992-ED2DF85E44D6}.Debug|Win32.Build.0 = Debug|Win32
		{38BEB903-275D-4F2E-B992-ED2DF85E44D6}.Release|Win32.ActiveCfg = Release|Win32
		{38BEB903-275D-4F2E-B992-ED2DF85E44D6}.Release|Win32.Build.0 = Release|Win32
		{546DCBE2-1FAD-45FF-A86F-38A9FA291BAD}.Debug|Win32.ActiveCfg = Debug|Win32
		{546DCBE2-1FAD-45FF-A86F-38A9FA291BAD}.Debug|Win32.Build.0 = Debug|Win32
		{546DCBE2-1FAD-45FF-A86F-38A9FA291BAD}.Release|Win32.ActiveCfg = Release|Win32
		{546DCBE2-1FAD-45FF-A86F-38A9FA291BAD}.Release|Win32.Build.0 = Release|Win32
		{609AF419-6D1D-43E2-BDCE-74D8F470A1A2}.Debug|Win32.ActiveCfg = Debug|Win32
		{609AF419-6D1D-43E2-BDCE-74D8F470A1A2}.Release|Win32.ActiveCfg = Release|Win32
		{609AF419-6D1D-43E2-BDCE-74D8F470A1A2}.Release|Win32.Build.0 = Release|Win32
		{C96C0141-F2B8-483A-8BD0-F746548F7317}.Debug|Win32.ActiveCfg = Debug|Win32
		{C96C0141-F2B8-483A-8BD0-F746548F7317}.Debug|Win32.Build.0 = Debug|Win32
		{C96C0141-F2B8-483A-8BD0-F746548F7317}.Release|Win32.ActiveCfg = Release|Win32
		{C96C0141-F2B8-483A-8BD0-F746548F7317}.Release|Win32.Build.0 = Release|Win32
		{D5C7C7CD-3EEB-4C62-A17B-466FA471A09C}.Debug|Win32.ActiveCfg = Debug|Win32
		{D5C7C7CD-3EEB-4C62-A17B-466FA471A09C}.Debug|Win32.Build.0 = Debug|Win32
		{D5C7C7CD-3EEB-4C62-A17B-466FA471A09C}.Release|Win32.ActiveCfg = Release|Win32
		{D5C7C7CD-3EEB-4C62-A17B-466FA471A09C}.Release|Win32.Build.0 = Release|Win32
		{CDFAA5E0-D7E1-4CD6-80E1-395641D77DF0}.Debug|Win32.ActiveCfg = Debug|Win32
		{CDFAA5E0-D7E1-4CD6-80E1-395641D77DF0}.Debug|Win32.Build.0 = Debug|Win32
		{CDFAA5E0-D7E1-4CD6-80E1-395641D77DF0}.Release|Win32.ActiveCfg = Release|Win32
		{CDFAA5E0-D7E1-4CD6-80E1-395641D77DF0}.Release|Win32.Build.0 = Release|Win32
		{1EF6C2B8-9D26-41FC-B761-98B6717D6861}.Debug|Win32.ActiveCfg = Debug|Win32
		{1EF6C2B8-9D26-41FC-B761-98B6717D6861}.Debug|Win32.Build.0 = Debug|Win32
		{1EF6C2B8-9D26-41FC-B761-98B6717D6861}.Release|Win32.ActiveCfg = Release|Win32
		{1EF6C2B8-9D26-41FC-B761-98B6717D6861}.Release|Win32.Build.0 = Release|Win32
		{40A5C541-53E9-41E0-A0D7-341F42BACF3F}.Debug|Win32.ActiveCfg = Debug|Win32
		{40A5C541-53E9-41E0-A0D7-341F42BACF3F}.Debug|Win32.Build.0 = Debug|Win32
		{40A5C541-53E9-41E0-A0D7-341F42BACF3F}.Release|Win32.ActiveCfg = Release|Win32
		{40A5C541-53E9-41E0-A0D7-341F42BACF3F}.Release|Win32.Build.0 = Release|Win32
		{0DEFF61D-089D-47D8-80D2-76B927D3075D}.Debug|Win32.ActiveCfg = Debug|Win32
		{0DEFF61D-089D-47D8-80D2-76B927D3075D}.Debug|Win32.Build.0 = Debug|Win32
		{0DEFF61D-089D-47D8-80D2-76B927D3075D}.Release|Win32.ActiveCfg = Release|Win32
		{0DEFF61D-089D-47D8-80D2-76B927D3075D}.Release|Win32.Build.0 = Release|Win32
		{41EA96DA-77DA-43CD-8776-30EA0BC69C02}.Debug|Win32.ActiveCfg = Debug|Win32
		{41EA96DA-77DA-43CD-8776-30EA0BC69C02}.Debug|Win32.Build.0 = Debug|Win32
		{41EA96DA-77DA-43CD-8776-30EA0BC69C02}.Release|Win32.ActiveCfg = Release|Win32
		{41EA96DA-77DA-43CD-8776-30EA0BC69C02}.Release|Win32.Build.0 = Release|Win32
		{7EA5712E-B4F8-4022-BB61-80FFC05480A3}.Debug|Win32.ActiveCfg = Debug|Win32
		{7EA5712E-B4F8-4022-BB61-80FFC05480A3}.Debug|Win32.Build.0 = Debug|Win32
		{7EA5712E-B4F8-4022-BB61-80FFC05480A3}.Release|Win32.ActiveCfg = Release|Win32
		{7EA5712E-B4F8-4022-BB61-80FFC05480A3}.Release|Win32.Build.0 = Release|Win32
		{A4561B7D-0FBC-4511-9A86-1139E301ABC4}.Debug|Win32.ActiveCfg = Debug|Win32
		{A4561B7D-0FBC-4511-9A86-1139E301ABC4}.Debug|Win32.Build.0 = Debug|Win32
		{A4561B7D-0FBC-4511-9A86-1139E301ABC4}.Release|Win32.ActiveCfg = Release|Win32
		{A4561B7D-0FBC-4511-9A86-1139E301ABC4}.Release|Win32.Build.0 = Release|Win32
		{9D9FB770-DC82-4527-B264-5B72DBC1D1B2}.Debug|Win32.ActiveCfg = Debug|Win32
		{9D9FB770-DC82-4527-B264-5B72DBC1D1B2}.Debug|Win32.Build.0 = Debug|Win32
		{9D9FB770-DC82-4527-B264-5B72DBC1D1B2}.Release|Win32.ActiveCfg = Release|Win32
		{9D9FB770-DC82-4527-B264-5B72DBC1D1B2}.Release|Win32.Build.0 = Release|Win32
		{8A1F5420-1B3C-4C1F-B8F0-7046178F98A0}.Debug|Win32.ActiveCfg = Debug|Win32
		{8A1F5420-1B3C-4C1F-B8F0-7046178F98A0}.Debug|Win32.Build.0 = Debug|Win32
		{8A1F5420-1B3C-4C1F-B8F0-7046178F98A0}.Release|Win32.ActiveCfg = Release|Win32
		{8A1F5420-1B3C-4C1F-B8F0-7046178F98A0}.Release|Win32.Build.0 = Release|Win32
		{5B05D9A2-C37F-476E-B77F-DC51C00BE21F}.Debug|Win32.ActiveCfg = Debug|Win32
		{5B05D9A2-C37F-476E-B77F-DC51C00BE21F}.Debug|Win32.Build.0 = Debug|Win32
		{5B05D9A2-C37F-476E-B77F-DC51C00BE21F}.Release|Win32.ActiveCfg = Release|Win32
		{5B05D9A2-C37F-476E-B77F-DC51C00BE21F}.Release|Win32.Build.0 = Release|Win32
		{2DA30B0E-62F2-41F7-AB0D-94A88DC08A40}.Debug|Win32.ActiveCfg = Debug|Win32
		{2DA30B0E-62F2-41F7-AB0D-94A88DC08A40}.Debug|Win32.Build.0 = Debug|Win32
		{2DA30B0E-62F2-41F7-AB0D-94A88DC08A40}.Release|Win32.ActiveCfg = Release|Win32
		{2DA30B0E-62F2-41F7-AB0D-94A88DC08A40}.Release|Win32.Build.0 = Release|Win32
		{58B5CE4B-8248-4A81-8A62-00A59CFFF4AF}.Debug|Win32.ActiveCfg = Debug|Win32
		{58B5CE4B-8248-4A81-8A62-00A59CFFF4AF}.Debug|Win32.Build.0 = Debug|Win32
		{58B5CE4B-8248-4A81-8A62-00A59CFFF4AF}.Release|Win32.ActiveCfg = Release|Win32
		{58B5CE4B-8248-4A81-8A62-00A59CFFF4AF}.Release|Win32.Build.0 = Release|Win32
		{BD9C23CD-E0D5-421F-97F6-B29EFC12A027}.Debug|Win32.ActiveCfg = Debug|Win32
		{BD9C23CD-E0D5-421F-97F6-B29EFC12A027}.Debug|Win32.Build.0 = Debug|Win32
		{BD9C23CD-E0D5-421F-97F6-B29EFC12A027}.Release|Win32.ActiveCfg = Release|Win32
		{BD9C23CD-E0D5-421F-97F6-B29EFC12A027}.Release|Win32.Build.0 = Release|Win32
		{A2E30DCA-1AA1-4EA3-8A13-E3845E1A1DA5}.Debug|Win32.ActiveCfg = Debug|Win32
		{A2E30DCA-1AA1-4EA3-8A13-E3845E1A1DA5}.Debug|Win32.Build.0 = Debug|Win32
		{A2E30DCA-1AA1-4EA3-8A13-E3845E1A1DA5}.Release|Win32.ActiveCfg = Release|Win32
		{A2E30DCA-1AA1-4EA3-8A13-E3845E1A1DA5}.Release|Win32.Build.0 = Release|Win32
		{2BDBD56B-31F4-4E2D-A2C8-D29D040111DF}.Debug|Win32.ActiveCfg = Debug|Win32
		{2BDBD56B-31F4-4E2D-A2C8-D29D040111DF}.Debug|Win32.Build.0 = Debug|Win32
		{2BDBD56B-31F4-4E2D-A2C8-D29D040111DF}.Release|Win32.ActiveCfg = Release|Win32
		{2BDBD56B-31F4-4E2D-A2C8-D29D040111DF}.Release|Win32.Build.0 = Release|Win32
		{77366DB1-BEEF-4125-B92B-85DF5CF1B931}.Debug|Win32.ActiveCfg = Debug|Win32
		{77366DB1-BEEF-4125-B92B-85DF5CF1B931}.Debug|Win32.Build.0 = Debug|Win32
		{77366DB1-BEEF-4125-B92B-85DF5CF1B931}.Release|Win32.ActiveCfg = Release|Win32
		{77366DB1-BEEF-4125-B92B-85DF5CF1B931}.Release|Win32.Build.0 = Release|Win32
		{8E067AFB-B5C6-4695-B121-538237FC2766}.Debug|Win32.ActiveCfg = Debug|Win32
		{8E067AFB-B5C6-4695-B121-538237FC2766}.Debug|Win32.Build.0 = Debug|Win32
		{8E067AFB-B5C6-4695-B121-538237FC2766}.Release|Win32.ActiveCfg = Release|Win32
		{8E067AFB-B5C6-4695-B121-538237FC2766}.Release|Win32.Build.0 = Release|Win32
	EndGlobalSection
	GlobalSection(SolutionProperties) = preSolution
		HideSolutionNode = FALSE
	EndGlobalSection
EndGlobal
